
Microsoft Visual Studio Solution File, Format Version 12.00
Project("{FAE04EC0-301F-11D3-BF4B-00C04F79EFBC}") = "Fusion.Sample1", "Fusion.Sample1\Fusion.Sample1.csproj", "{642130E1-E93B-49DB-B8ED-ACE86E6BECAA}"
EndProject
Project("{2150E333-8FDC-42A3-9474-1A3956D46DE8}") = "API", "API", "{9822BC9E-E3E8-4D18-9009-635A6D00EA7C}"
EndProject
Project("{FAE04EC0-301F-11D3-BF4B-00C04F79EFBC}") = "Fusion.ApiCache", "Fusion.ApiCache\Fusion.ApiCache.csproj", "{4D4ABC58-E6F9-4FD0-A6DA-1DCA4B98131E}"
EndProject
Project("{2150E333-8FDC-42A3-9474-1A3956D46DE8}") = "Blazor Server", "Blazor Server", "{C397D78A-ADEE-448B-838A-89651028F8F5}"
EndProject
Project("{FAE04EC0-301F-11D3-BF4B-00C04F79EFBC}") = "Fusion.ServerSide", "Fusion.ServerSide\Fusion.ServerSide.csproj", "{AC7FFEA7-DD9C-44D0-B24A-ADDA0B419C5F}"
EndProject
Project("{FAE04EC0-301F-11D3-BF4B-00C04F79EFBC}") = "Signalr.Blazor", "Signalr.Blazor\Signalr.Blazor.csproj", "{50793F9A-0729-4B09-8261-BB608F1E8020}"
EndProject
Global
	GlobalSection(SolutionConfigurationPlatforms) = preSolution
		Debug|Any CPU = Debug|Any CPU
		Release|Any CPU = Release|Any CPU
	EndGlobalSection
	GlobalSection(ProjectConfigurationPlatforms) = postSolution
		{642130E1-E93B-49DB-B8ED-ACE86E6BECAA}.Debug|Any CPU.ActiveCfg = Debug|Any CPU
		{642130E1-E93B-49DB-B8ED-ACE86E6BECAA}.Debug|Any CPU.Build.0 = Debug|Any CPU
		{642130E1-E93B-49DB-B8ED-ACE86E6BECAA}.Release|Any CPU.ActiveCfg = Release|Any CPU
		{642130E1-E93B-49DB-B8ED-ACE86E6BECAA}.Release|Any CPU.Build.0 = Release|Any CPU
		{4D4ABC58-E6F9-4FD0-A6DA-1DCA4B98131E}.Debug|Any CPU.ActiveCfg = Debug|Any CPU
		{4D4ABC58-E6F9-4FD0-A6DA-1DCA4B98131E}.Debug|Any CPU.Build.0 = Debug|Any CPU
		{4D4ABC58-E6F9-4FD0-A6DA-1DCA4B98131E}.Release|Any CPU.ActiveCfg = Release|Any CPU
		{4D4ABC58-E6F9-4FD0-A6DA-1DCA4B98131E}.Release|Any CPU.Build.0 = Release|Any CPU
		{AC7FFEA7-DD9C-44D0-B24A-ADDA0B419C5F}.Debug|Any CPU.ActiveCfg = Debug|Any CPU
		{AC7FFEA7-DD9C-44D0-B24A-ADDA0B419C5F}.Debug|Any CPU.Build.0 = Debug|Any CPU
		{AC7FFEA7-DD9C-44D0-B24A-ADDA0B419C5F}.Release|Any CPU.ActiveCfg = Release|Any CPU
		{AC7FFEA7-DD9C-44D0-B24A-ADDA0B419C5F}.Release|Any CPU.Build.0 = Release|Any CPU
		{50793F9A-0729-4B09-8261-BB608F1E8020}.Debug|Any CPU.ActiveCfg = Debug|Any CPU
		{50793F9A-0729-4B09-8261-BB608F1E8020}.Debug|Any CPU.Build.0 = Debug|Any CPU
		{50793F9A-0729-4B09-8261-BB608F1E8020}.Release|Any CPU.ActiveCfg = Release|Any CPU
		{50793F9A-0729-4B09-8261-BB608F1E8020}.Release|Any CPU.Build.0 = Release|Any CPU
	EndGlobalSection
	GlobalSection(NestedProjects) = preSolution
		{4D4ABC58-E6F9-4FD0-A6DA-1DCA4B98131E} = {9822BC9E-E3E8-4D18-9009-635A6D00EA7C}
		{AC7FFEA7-DD9C-44D0-B24A-ADDA0B419C5F} = {C397D78A-ADEE-448B-838A-89651028F8F5}
	EndGlobalSection
EndGlobal
